
Microsoft Visual Studio Solution File, Format Version 12.00
# Visual Studio 15
Project("{FAE04EC0-301F-11D3-BF4B-00C04F79EFBC}") = "MaterialApp.Android", "MaterialApp.Android\MaterialApp.Android.csproj", "{24CE3C36-16B9-426D-AA0C-5961ECF8D88C}"
EndProject
Project("{FAE04EC0-301F-11D3-BF4B-00C04F79EFBC}") = "MaterialApp.iOS", "MaterialApp.iOS\MaterialApp.iOS.csproj", "{9AB894FC-AC9B-4FC6-8AAF-512B6FEE76E8}"
EndProject
Project("{FAE04EC0-301F-11D3-BF4B-00C04F79EFBC}") = "MaterialApp", "MaterialApp\MaterialApp.csproj", "{85447B30-AFFF-4DF7-AF9B-1194BC5F24DF}"
EndProject
Global
	GlobalSection(SolutionConfigurationPlatforms) = preSolution
		Debug|Any CPU = Debug|Any CPU
		Release|Any CPU = Release|Any CPU
		Debug|iPhoneSimulator = Debug|iPhoneSimulator
		Release|iPhoneSimulator = Release|iPhoneSimulator
		Debug|iPhone = Debug|iPhone
		Release|iPhone = Release|iPhone
	EndGlobalSection
	GlobalSection(ProjectConfigurationPlatforms) = postSolution
		{24CE3C36-16B9-426D-AA0C-5961ECF8D88C}.Debug|Any CPU.ActiveCfg = Debug|Any CPU
		{24CE3C36-16B9-426D-AA0C-5961ECF8D88C}.Debug|Any CPU.Build.0 = Debug|Any CPU
		{24CE3C36-16B9-426D-AA0C-5961ECF8D88C}.Release|Any CPU.ActiveCfg = Release|Any CPU
		{24CE3C36-16B9-426D-AA0C-5961ECF8D88C}.Release|Any CPU.Build.0 = Release|Any CPU
		{24CE3C36-16B9-426D-AA0C-5961ECF8D88C}.Debug|iPhoneSimulator.ActiveCfg = Debug|Any CPU
		{24CE3C36-16B9-426D-AA0C-5961ECF8D88C}.Debug|iPhoneSimulator.Build.0 = Debug|Any CPU
		{24CE3C36-16B9-426D-AA0C-5961ECF8D88C}.Release|iPhoneSimulator.ActiveCfg = Release|Any CPU
		{24CE3C36-16B9-426D-AA0C-5961ECF8D88C}.Release|iPhoneSimulator.Build.0 = Release|Any CPU
		{24CE3C36-16B9-426D-AA0C-5961ECF8D88C}.Debug|iPhone.ActiveCfg = Debug|Any CPU
		{24CE3C36-16B9-426D-AA0C-5961ECF8D88C}.Debug|iPhone.Build.0 = Debug|Any CPU
		{24CE3C36-16B9-426D-AA0C-5961ECF8D88C}.Release|iPhone.ActiveCfg = Release|Any CPU
		{24CE3C36-16B9-426D-AA0C-5961ECF8D88C}.Release|iPhone.Build.0 = Release|Any CPU
		{9AB894FC-AC9B-4FC6-8AAF-512B6FEE76E8}.Debug|Any CPU.ActiveCfg = Debug|iPhoneSimulator
		{9AB894FC-AC9B-4FC6-8AAF-512B6FEE76E8}.Debug|Any CPU.Build.0 = Debug|iPhoneSimulator
		{9AB894FC-AC9B-4FC6-8AAF-512B6FEE76E8}.Release|Any CPU.ActiveCfg = Release|iPhoneSimulator
		{9AB894FC-AC9B-4FC6-8AAF-512B6FEE76E8}.Release|Any CPU.Build.0 = Release|iPhoneSimulator
		{9AB894FC-AC9B-4FC6-8AAF-512B6FEE76E8}.Debug|iPhoneSimulator.ActiveCfg = Debug|iPhoneSimulator
		{9AB894FC-AC9B-4FC6-8AAF-512B6FEE76E8}.Debug|iPhoneSimulator.Build.0 = Debug|iPhoneSimulator
		{9AB894FC-AC9B-4FC6-8AAF-512B6FEE76E8}.Release|iPhoneSimulator.ActiveCfg = Release|iPhoneSimulator
		{9AB894FC-AC9B-4FC6-8AAF-512B6FEE76E8}.Release|iPhoneSimulator.Build.0 = Release|iPhoneSimulator
		{9AB894FC-AC9B-4FC6-8AAF-512B6FEE76E8}.Debug|iPhone.ActiveCfg = Debug|iPhone
		{9AB894FC-AC9B-4FC6-8AAF-512B6FEE76E8}.Debug|iPhone.Build.0 = Debug|iPhone
		{9AB894FC-AC9B-4FC6-8AAF-512B6FEE76E8}.Release|iPhone.ActiveCfg = Release|iPhone
		{9AB894FC-AC9B-4FC6-8AAF-512B6FEE76E8}.Release|iPhone.Build.0 = Release|iPhone
		{85447B30-AFFF-4DF7-AF9B-1194BC5F24DF}.Debug|Any CPU.ActiveCfg = Debug|Any CPU
		{85447B30-AFFF-4DF7-AF9B-1194BC5F24DF}.Debug|Any CPU.Build.0 = Debug|Any CPU
		{85447B30-AFFF-4DF7-AF9B-1194BC5F24DF}.Release|Any CPU.ActiveCfg = Release|Any CPU
		{85447B30-AFFF-4DF7-AF9B-1194BC5F24DF}.Release|Any CPU.Build.0 = Release|Any CPU
		{85447B30-AFFF-4DF7-AF9B-1194BC5F24DF}.Debug|iPhoneSimulator.ActiveCfg = Debug|Any CPU
		{85447B30-AFFF-4DF7-AF9B-1194BC5F24DF}.Debug|iPhoneSimulator.Build.0 = Debug|Any CPU
		{85447B30-AFFF-4DF7-AF9B-1194BC5F24DF}.Release|iPhoneSimulator.ActiveCfg = Release|Any CPU
		{85447B30-AFFF-4DF7-AF9B-1194BC5F24DF}.Release|iPhoneSimulator.Build.0 = Release|Any CPU
		{85447B30-AFFF-4DF7-AF9B-1194BC5F24DF}.Debug|iPhone.ActiveCfg = Debug|Any CPU
		{85447B30-AFFF-4DF7-AF9B-1194BC5F24DF}.Debug|iPhone.Build.0 = Debug|Any CPU
		{85447B30-AFFF-4DF7-AF9B-1194BC5F24DF}.Release|iPhone.ActiveCfg = Release|Any CPU
		{85447B30-AFFF-4DF7-AF9B-1194BC5F24DF}.Release|iPhone.Build.0 = Release|Any CPU
	EndGlobalSection
EndGlobal
